
Microsoft Visual Studio Solution File, Format Version 12.00
# Visual Studio 14
VisualStudioVersion = 14.0.25420.1
MinimumVisualStudioVersion = 10.0.40219.1
Project("{FAE04EC0-301F-11D3-BF4B-00C04F79EFBC}") = "UnitTestProject2", "UnitTestProject2.csproj", "{621F21C1-A653-44A5-8F0D-448B2F55E81A}"
EndProject
Project("{FAE04EC0-301F-11D3-BF4B-00C04F79EFBC}") = "SpecFlowBindings", "..\SpecFlowBindings\SpecFlowBindings.csproj", "{AE3266CF-7FA7-482C-BB3F-E9C7D9F87BC6}"
EndProject
Project("{FAE04EC0-301F-11D3-BF4B-00C04F79EFBC}") = "ReuseStep", "..\SpecFlowExcel\ReuseStep.csproj", "{E4F7412A-1D54-454F-9751-E7BB4169FDDB}"
EndProject
Project("{FAE04EC0-301F-11D3-BF4B-00C04F79EFBC}") = "GettingInfo", "..\GettingInfo\GettingInfo.csproj", "{1E1F343A-BD2B-4F4C-AE05-B36B3579A256}"
EndProject
Global
	GlobalSection(SolutionConfigurationPlatforms) = preSolution
		Debug|Any CPU = Debug|Any CPU
		Release|Any CPU = Release|Any CPU
	EndGlobalSection
	GlobalSection(ProjectConfigurationPlatforms) = postSolution
		{621F21C1-A653-44A5-8F0D-448B2F55E81A}.Debug|Any CPU.ActiveCfg = Debug|Any CPU
		{621F21C1-A653-44A5-8F0D-448B2F55E81A}.Debug|Any CPU.Build.0 = Debug|Any CPU
		{621F21C1-A653-44A5-8F0D-448B2F55E81A}.Release|Any CPU.ActiveCfg = Release|Any CPU
		{621F21C1-A653-44A5-8F0D-448B2F55E81A}.Release|Any CPU.Build.0 = Release|Any CPU
		{AE3266CF-7FA7-482C-BB3F-E9C7D9F87BC6}.Debug|Any CPU.ActiveCfg = Debug|Any CPU
		{AE3266CF-7FA7-482C-BB3F-E9C7D9F87BC6}.Debug|Any CPU.Build.0 = Debug|Any CPU
		{AE3266CF-7FA7-482C-BB3F-E9C7D9F87BC6}.Release|Any CPU.ActiveCfg = Release|Any CPU
		{AE3266CF-7FA7-482C-BB3F-E9C7D9F87BC6}.Release|Any CPU.Build.0 = Release|Any CPU
		{E4F7412A-1D54-454F-9751-E7BB4169FDDB}.Debug|Any CPU.ActiveCfg = Debug|Any CPU
		{E4F7412A-1D54-454F-9751-E7BB4169FDDB}.Debug|Any CPU.Build.0 = Debug|Any CPU
		{E4F7412A-1D54-454F-9751-E7BB4169FDDB}.Release|Any CPU.ActiveCfg = Release|Any CPU
		{E4F7412A-1D54-454F-9751-E7BB4169FDDB}.Release|Any CPU.Build.0 = Release|Any CPU
		{1E1F343A-BD2B-4F4C-AE05-B36B3579A256}.Debug|Any CPU.ActiveCfg = Debug|Any CPU
		{1E1F343A-BD2B-4F4C-AE05-B36B3579A256}.Debug|Any CPU.Build.0 = Debug|Any CPU
		{1E1F343A-BD2B-4F4C-AE05-B36B3579A256}.Release|Any CPU.ActiveCfg = Release|Any CPU
		{1E1F343A-BD2B-4F4C-AE05-B36B3579A256}.Release|Any CPU.Build.0 = Release|Any CPU
	EndGlobalSection
	GlobalSection(SolutionProperties) = preSolution
		HideSolutionNode = FALSE
	EndGlobalSection
EndGlobal
