
Microsoft Visual Studio Solution File, Format Version 12.00
# Visual Studio 14
VisualStudioVersion = 14.0.25420.1
MinimumVisualStudioVersion = 10.0.40219.1
Project("{FAE04EC0-301F-11D3-BF4B-00C04F79EFBC}") = "MyClasses", "MyClasses\MyClasses.csproj", "{A0384164-B946-48DD-982D-C3D5E86E1122}"
EndProject
Global
	GlobalSection(SolutionConfigurationPlatforms) = preSolution
		Debug|Any CPU = Debug|Any CPU
		Release|Any CPU = Release|Any CPU
	EndGlobalSection
	GlobalSection(ProjectConfigurationPlatforms) = postSolution
		{A0384164-B946-48DD-982D-C3D5E86E1122}.Debug|Any CPU.ActiveCfg = Debug|Any CPU
		{A0384164-B946-48DD-982D-C3D5E86E1122}.Debug|Any CPU.Build.0 = Debug|Any CPU
		{A0384164-B946-48DD-982D-C3D5E86E1122}.Release|Any CPU.ActiveCfg = Release|Any CPU
		{A0384164-B946-48DD-982D-C3D5E86E1122}.Release|Any CPU.Build.0 = Release|Any CPU
	EndGlobalSection
	GlobalSection(SolutionProperties) = preSolution
		HideSolutionNode = FALSE
	EndGlobalSection
EndGlobal
