
Microsoft Visual Studio Solution File, Format Version 12.00
# Visual Studio 14
VisualStudioVersion = 14.0.25420.1
MinimumVisualStudioVersion = 10.0.40219.1
Project("{FAE04EC0-301F-11D3-BF4B-00C04F79EFBC}") = "MobilePhoneT1", "MobilePhoneT1\MobilePhoneT1.csproj", "{7CBF0429-638C-4AF5-A823-3DB2AEFA3FDA}"
EndProject
Project("{FAE04EC0-301F-11D3-BF4B-00C04F79EFBC}") = "MobilePhoneT2", "MobilePhoneT2\MobilePhoneT2.csproj", "{DA997891-A3B9-4D2F-8773-A55C27C011C1}"
EndProject
Project("{FAE04EC0-301F-11D3-BF4B-00C04F79EFBC}") = "MobilePhoneWfT2", "MobilePhoneWfT2\MobilePhoneWfT2.csproj", "{410911B1-4758-4C48-8BE4-13F12916ED13}"
EndProject
Project("{FAE04EC0-301F-11D3-BF4B-00C04F79EFBC}") = "MobilePhoneClT2", "MobilePhoneClT2\MobilePhoneClT2.csproj", "{938B77BE-E002-4CA7-A03D-C627EA96E5B9}"
EndProject
Project("{FAE04EC0-301F-11D3-BF4B-00C04F79EFBC}") = "MobilePhoneClT2Tests", "MobilePhoneClT2Tests\MobilePhoneClT2Tests.csproj", "{5850D3FE-D407-43C5-8A6B-C6D0DE384DE0}"
EndProject
Project("{FAE04EC0-301F-11D3-BF4B-00C04F79EFBC}") = "MobilePhoneWfT3", "MobilePhoneWfT3\MobilePhoneWfT3.csproj", "{7E705C38-BBD6-4025-8AEB-C273D2EC299C}"
EndProject
Project("{FAE04EC0-301F-11D3-BF4B-00C04F79EFBC}") = "MobilePhoneWfT3Tests", "MobilePhoneWfT3Tests\MobilePhoneWfT3Tests.csproj", "{0785CDED-187C-4C4E-8C79-C4475649ECB3}"
EndProject
Global
	GlobalSection(SolutionConfigurationPlatforms) = preSolution
		Debug|Any CPU = Debug|Any CPU
		Release|Any CPU = Release|Any CPU
	EndGlobalSection
	GlobalSection(ProjectConfigurationPlatforms) = postSolution
		{7CBF0429-638C-4AF5-A823-3DB2AEFA3FDA}.Debug|Any CPU.ActiveCfg = Debug|Any CPU
		{7CBF0429-638C-4AF5-A823-3DB2AEFA3FDA}.Debug|Any CPU.Build.0 = Debug|Any CPU
		{7CBF0429-638C-4AF5-A823-3DB2AEFA3FDA}.Release|Any CPU.ActiveCfg = Release|Any CPU
		{7CBF0429-638C-4AF5-A823-3DB2AEFA3FDA}.Release|Any CPU.Build.0 = Release|Any CPU
		{DA997891-A3B9-4D2F-8773-A55C27C011C1}.Debug|Any CPU.ActiveCfg = Debug|Any CPU
		{DA997891-A3B9-4D2F-8773-A55C27C011C1}.Debug|Any CPU.Build.0 = Debug|Any CPU
		{DA997891-A3B9-4D2F-8773-A55C27C011C1}.Release|Any CPU.ActiveCfg = Release|Any CPU
		{DA997891-A3B9-4D2F-8773-A55C27C011C1}.Release|Any CPU.Build.0 = Release|Any CPU
		{410911B1-4758-4C48-8BE4-13F12916ED13}.Debug|Any CPU.ActiveCfg = Debug|Any CPU
		{410911B1-4758-4C48-8BE4-13F12916ED13}.Debug|Any CPU.Build.0 = Debug|Any CPU
		{410911B1-4758-4C48-8BE4-13F12916ED13}.Release|Any CPU.ActiveCfg = Release|Any CPU
		{410911B1-4758-4C48-8BE4-13F12916ED13}.Release|Any CPU.Build.0 = Release|Any CPU
		{938B77BE-E002-4CA7-A03D-C627EA96E5B9}.Debug|Any CPU.ActiveCfg = Debug|Any CPU
		{938B77BE-E002-4CA7-A03D-C627EA96E5B9}.Debug|Any CPU.Build.0 = Debug|Any CPU
		{938B77BE-E002-4CA7-A03D-C627EA96E5B9}.Release|Any CPU.ActiveCfg = Release|Any CPU
		{938B77BE-E002-4CA7-A03D-C627EA96E5B9}.Release|Any CPU.Build.0 = Release|Any CPU
		{5850D3FE-D407-43C5-8A6B-C6D0DE384DE0}.Debug|Any CPU.ActiveCfg = Debug|Any CPU
		{5850D3FE-D407-43C5-8A6B-C6D0DE384DE0}.Debug|Any CPU.Build.0 = Debug|Any CPU
		{5850D3FE-D407-43C5-8A6B-C6D0DE384DE0}.Release|Any CPU.ActiveCfg = Release|Any CPU
		{5850D3FE-D407-43C5-8A6B-C6D0DE384DE0}.Release|Any CPU.Build.0 = Release|Any CPU
		{7E705C38-BBD6-4025-8AEB-C273D2EC299C}.Debug|Any CPU.ActiveCfg = Debug|Any CPU
		{7E705C38-BBD6-4025-8AEB-C273D2EC299C}.Debug|Any CPU.Build.0 = Debug|Any CPU
		{7E705C38-BBD6-4025-8AEB-C273D2EC299C}.Release|Any CPU.ActiveCfg = Release|Any CPU
		{7E705C38-BBD6-4025-8AEB-C273D2EC299C}.Release|Any CPU.Build.0 = Release|Any CPU
		{0785CDED-187C-4C4E-8C79-C4475649ECB3}.Debug|Any CPU.ActiveCfg = Debug|Any CPU
		{0785CDED-187C-4C4E-8C79-C4475649ECB3}.Debug|Any CPU.Build.0 = Debug|Any CPU
		{0785CDED-187C-4C4E-8C79-C4475649ECB3}.Release|Any CPU.ActiveCfg = Release|Any CPU
		{0785CDED-187C-4C4E-8C79-C4475649ECB3}.Release|Any CPU.Build.0 = Release|Any CPU
	EndGlobalSection
	GlobalSection(SolutionProperties) = preSolution
		HideSolutionNode = FALSE
	EndGlobalSection
EndGlobal
