
Microsoft Visual Studio Solution File, Format Version 12.00
# Visual Studio 15
VisualStudioVersion = 15.0.26124.0
MinimumVisualStudioVersion = 15.0.26124.0
Project("{2150E333-8FDC-42A3-9474-1A3956D46DE8}") = "src", "src", "{BDDABFE9-9B71-472A-A34B-F8C91764481B}"
EndProject
Project("{FAE04EC0-301F-11D3-BF4B-00C04F79EFBC}") = "GradeBook", "src\GradeBook\GradeBook.csproj", "{4043C3DA-666A-495E-8E8E-DE0CB6678602}"
EndProject
Project("{2150E333-8FDC-42A3-9474-1A3956D46DE8}") = "test", "test", "{32624BB1-FC28-49A3-A94E-DC86453FF28E}"
EndProject
Project("{FAE04EC0-301F-11D3-BF4B-00C04F79EFBC}") = "GradeBook.Tests", "test\GradeBook.Tests\GradeBook.Tests.csproj", "{5A3B1210-DCC6-40DD-B16C-403854289BD3}"
EndProject
Global
	GlobalSection(SolutionConfigurationPlatforms) = preSolution
		Debug|Any CPU = Debug|Any CPU
		Debug|x64 = Debug|x64
		Debug|x86 = Debug|x86
		Release|Any CPU = Release|Any CPU
		Release|x64 = Release|x64
		Release|x86 = Release|x86
	EndGlobalSection
	GlobalSection(SolutionProperties) = preSolution
		HideSolutionNode = FALSE
	EndGlobalSection
	GlobalSection(ProjectConfigurationPlatforms) = postSolution
		{4043C3DA-666A-495E-8E8E-DE0CB6678602}.Debug|Any CPU.ActiveCfg = Debug|Any CPU
		{4043C3DA-666A-495E-8E8E-DE0CB6678602}.Debug|Any CPU.Build.0 = Debug|Any CPU
		{4043C3DA-666A-495E-8E8E-DE0CB6678602}.Debug|x64.ActiveCfg = Debug|Any CPU
		{4043C3DA-666A-495E-8E8E-DE0CB6678602}.Debug|x64.Build.0 = Debug|Any CPU
		{4043C3DA-666A-495E-8E8E-DE0CB6678602}.Debug|x86.ActiveCfg = Debug|Any CPU
		{4043C3DA-666A-495E-8E8E-DE0CB6678602}.Debug|x86.Build.0 = Debug|Any CPU
		{4043C3DA-666A-495E-8E8E-DE0CB6678602}.Release|Any CPU.ActiveCfg = Release|Any CPU
		{4043C3DA-666A-495E-8E8E-DE0CB6678602}.Release|Any CPU.Build.0 = Release|Any CPU
		{4043C3DA-666A-495E-8E8E-DE0CB6678602}.Release|x64.ActiveCfg = Release|Any CPU
		{4043C3DA-666A-495E-8E8E-DE0CB6678602}.Release|x64.Build.0 = Release|Any CPU
		{4043C3DA-666A-495E-8E8E-DE0CB6678602}.Release|x86.ActiveCfg = Release|Any CPU
		{4043C3DA-666A-495E-8E8E-DE0CB6678602}.Release|x86.Build.0 = Release|Any CPU
		{5A3B1210-DCC6-40DD-B16C-403854289BD3}.Debug|Any CPU.ActiveCfg = Debug|Any CPU
		{5A3B1210-DCC6-40DD-B16C-403854289BD3}.Debug|Any CPU.Build.0 = Debug|Any CPU
		{5A3B1210-DCC6-40DD-B16C-403854289BD3}.Debug|x64.ActiveCfg = Debug|Any CPU
		{5A3B1210-DCC6-40DD-B16C-403854289BD3}.Debug|x64.Build.0 = Debug|Any CPU
		{5A3B1210-DCC6-40DD-B16C-403854289BD3}.Debug|x86.ActiveCfg = Debug|Any CPU
		{5A3B1210-DCC6-40DD-B16C-403854289BD3}.Debug|x86.Build.0 = Debug|Any CPU
		{5A3B1210-DCC6-40DD-B16C-403854289BD3}.Release|Any CPU.ActiveCfg = Release|Any CPU
		{5A3B1210-DCC6-40DD-B16C-403854289BD3}.Release|Any CPU.Build.0 = Release|Any CPU
		{5A3B1210-DCC6-40DD-B16C-403854289BD3}.Release|x64.ActiveCfg = Release|Any CPU
		{5A3B1210-DCC6-40DD-B16C-403854289BD3}.Release|x64.Build.0 = Release|Any CPU
		{5A3B1210-DCC6-40DD-B16C-403854289BD3}.Release|x86.ActiveCfg = Release|Any CPU
		{5A3B1210-DCC6-40DD-B16C-403854289BD3}.Release|x86.Build.0 = Release|Any CPU
	EndGlobalSection
	GlobalSection(NestedProjects) = preSolution
		{4043C3DA-666A-495E-8E8E-DE0CB6678602} = {BDDABFE9-9B71-472A-A34B-F8C91764481B}
		{5A3B1210-DCC6-40DD-B16C-403854289BD3} = {32624BB1-FC28-49A3-A94E-DC86453FF28E}
	EndGlobalSection
EndGlobal
